
Microsoft Visual Studio Solution File, Format Version 12.00
# Visual Studio Version 17
VisualStudioVersion = 17.5.002.0
MinimumVisualStudioVersion = 10.0.40219.1
Project("{9A19103F-16F7-4668-BE54-9A1E7A4F7556}") = "Api", "Api.csproj", "{ED8ABFA3-91F1-44C6-A094-27FEB44F1FE0}"
EndProject
Global
	GlobalSection(SolutionConfigurationPlatforms) = preSolution
		Debug|Any CPU = Debug|Any CPU
		Release|Any CPU = Release|Any CPU
	EndGlobalSection
	GlobalSection(ProjectConfigurationPlatforms) = postSolution
		{ED8ABFA3-91F1-44C6-A094-27FEB44F1FE0}.Debug|Any CPU.ActiveCfg = Debug|Any CPU
		{ED8ABFA3-91F1-44C6-A094-27FEB44F1FE0}.Debug|Any CPU.Build.0 = Debug|Any CPU
		{ED8ABFA3-91F1-44C6-A094-27FEB44F1FE0}.Release|Any CPU.ActiveCfg = Release|Any CPU
		{ED8ABFA3-91F1-44C6-A094-27FEB44F1FE0}.Release|Any CPU.Build.0 = Release|Any CPU
	EndGlobalSection
	GlobalSection(SolutionProperties) = preSolution
		HideSolutionNode = FALSE
	EndGlobalSection
	GlobalSection(ExtensibilityGlobals) = postSolution
		SolutionGuid = {0DD3DEA8-4C43-44A3-AC02-B1D78F1C9E95}
	EndGlobalSection
EndGlobal
